// !$*UTF8*$!
{
	archiveVersion = 1;
	classes = {
	};
	objectVersion = 50;
	objects = {

/* Begin PBXBuildFile section */
		B993B3D72412D0F100F5EDC2 /* AppDelegate.swift in Sources */ = {isa = PBXBuildFile; fileRef = B993B3D62412D0F100F5EDC2 /* AppDelegate.swift */; };
		B993B3D92412D0F100F5EDC2 /* SceneDelegate.swift in Sources */ = {isa = PBXBuildFile; fileRef = B993B3D82412D0F100F5EDC2 /* SceneDelegate.swift */; };
		B993B3DB2412D0F100F5EDC2 /* ContentView.swift in Sources */ = {isa = PBXBuildFile; fileRef = B993B3DA2412D0F100F5EDC2 /* ContentView.swift */; };
		B993B3DD2412D0F500F5EDC2 /* Assets.xcassets in Resources */ = {isa = PBXBuildFile; fileRef = B993B3DC2412D0F500F5EDC2 /* Assets.xcassets */; };
		B993B3E02412D0F500F5EDC2 /* Preview Assets.xcassets in Resources */ = {isa = PBXBuildFile; fileRef = B993B3DF2412D0F500F5EDC2 /* Preview Assets.xcassets */; };
		B993B3E32412D0F500F5EDC2 /* LaunchScreen.storyboard in Resources */ = {isa = PBXBuildFile; fileRef = B993B3E12412D0F500F5EDC2 /* LaunchScreen.storyboard */; };
/* End PBXBuildFile section */

/* Begin PBXFileReference section */
		B993B3D32412D0F100F5EDC2 /* TestSwiftUI2.app */ = {isa = PBXFileReference; explicitFileType = wrapper.application; includeInIndex = 0; path = TestSwiftUI2.app; sourceTree = BUILT_PRODUCTS_DIR; };
		B993B3D62412D0F100F5EDC2 /* AppDelegate.swift */ = {isa = PBXFileReference; lastKnownFileType = sourcecode.swift; path = AppDelegate.swift; sourceTree = "<group>"; };
		B993B3D82412D0F100F5EDC2 /* SceneDelegate.swift */ = {isa = PBXFileReference; lastKnownFileType = sourcecode.swift; path = SceneDelegate.swift; sourceTree = "<group>"; };
		B993B3DA2412D0F100F5EDC2 /* ContentView.swift */ = {isa = PBXFileReference; lastKnownFileType = sourcecode.swift; path = ContentView.swift; sourceTree = "<group>"; };
		B993B3DC2412D0F500F5EDC2 /* Assets.xcassets */ = {isa = PBXFileReference; lastKnownFileType = folder.assetcatalog; path = Assets.xcassets; sourceTree = "<group>"; };
		B993B3DF2412D0F500F5EDC2 /* Preview Assets.xcassets */ = {isa = PBXFileReference; lastKnownFileType = folder.assetcatalog; path = "Preview Assets.xcassets"; sourceTree = "<group>"; };
		B993B3E22412D0F500F5EDC2 /* Base */ = {isa = PBXFileReference; lastKnownFileType = file.storyboard; name = Base; path = Base.lproj/LaunchScreen.storyboard; sourceTree = "<group>"; };
		B993B3E42412D0F500F5EDC2 /* Info.plist */ = {isa = PBXFileReference; lastKnownFileType = text.plist.xml; path = Info.plist; sourceTree = "<group>"; };
/* End PBXFileReference section */

/* Begin PBXFrameworksBuildPhase section */
		B993B3D02412D0F100F5EDC2 /* Frameworks */ = {
			isa = PBXFrameworksBuildPhase;
			buildActionMask = 2147483647;
			files = (
			);
			runOnlyForDeploymentPostprocessing = 0;
		};
/* End PBXFrameworksBuildPhase section */

/* Begin PBXGroup section */
		B993B3CA2412D0F100F5EDC2 = {
			isa = PBXGroup;
			children = (
				B993B3D52412D0F100F5EDC2 /* TestSwiftUI2 */,
				B993B3D42412D0F100F5EDC2 /* Products */,
			);
			sourceTree = "<group>";
		};
		B993B3D42412D0F100F5EDC2 /* Products */ = {
			isa = PBXGroup;
			children = (
				B993B3D32412D0F100F5EDC2 /* TestSwiftUI2.app */,
			);
			name = Products;
			sourceTree = "<group>";
		};
		B993B3D52412D0F100F5EDC2 /* TestSwiftUI2 */ = {
			isa = PBXGroup;
			children = (
				B993B3D62412D0F100F5EDC2 /* AppDelegate.swift */,
				B993B3D82412D0F100F5EDC2 /* SceneDelegate.swift */,
				B993B3DA2412D0F100F5EDC2 /* ContentView.swift */,
				B993B3DC2412D0F500F5EDC2 /* Assets.xcassets */,
				B993B3E12412D0F500F5EDC2 /* LaunchScreen.storyboard */,
				B993B3E42412D0F500F5EDC2 /* Info.plist */,
				B993B3DE2412D0F500F5EDC2 /* Preview Content */,
			);
			path = TestSwiftUI2;
			sourceTree = "<group>";
		};
		B993B3DE2412D0F500F5EDC2 /* Preview Content */ = {
			isa = PBXGroup;
			children = (
				B993B3DF2412D0F500F5EDC2 /* Preview Assets.xcassets */,
			);
			path = "Preview Content";
			sourceTree = "<group>";
		};
/* End PBXGroup section */

/* Begin PBXNativeTarget section */
		B993B3D22412D0F100F5EDC2 /* TestSwiftUI2 */ = {
			isa = PBXNativeTarget;
			buildConfigurationList = B993B3E72412D0F500F5EDC2 /* Build configuration list for PBXNativeTarget "TestSwiftUI2" */;
			buildPhases = (
				B993B3CF2412D0F100F5EDC2 /* Sources */,
				B993B3D02412D0F100F5EDC2 /* Frameworks */,
				B993B3D12412D0F100F5EDC2 /* Resources */,
			);
			buildRules = (
			);
			dependencies = (
			);
			name = TestSwiftUI2;
			productName = TestSwiftUI2;
			productReference = B993B3D32412D0F100F5EDC2 /* TestSwiftUI2.app */;
			productType = "com.apple.product-type.application";
		};
/* End PBXNativeTarget section */

/* Begin PBXProject section */
		B993B3CB2412D0F100F5EDC2 /* Project object */ = {
			isa = PBXProject;
			attributes = {
				LastSwiftUpdateCheck = 1110;
				LastUpgradeCheck = 1110;
				ORGANIZATIONNAME = "Richard Adem";
				TargetAttributes = {
					B993B3D22412D0F100F5EDC2 = {
						CreatedOnToolsVersion = 11.1;
					};
				};
			};
			buildConfigurationList = B993B3CE2412D0F100F5EDC2 /* Build configuration list for PBXProject "TestSwiftUI2" */;
			compatibilityVersion = "Xcode 9.3";
			developmentRegion = en;
			hasScannedForEncodings = 0;
			knownRegions = (
				en,
				Base,
			);
			mainGroup = B993B3CA2412D0F100F5EDC2;
			productRefGroup = B993B3D42412D0F100F5EDC2 /* Products */;
			projectDirPath = "";
			projectRoot = "";
			targets = (
				B993B3D22412D0F100F5EDC2 /* TestSwiftUI2 */,
			);
		};
/* End PBXProject section */

/* Begin PBXResourcesBuildPhase section */
		B993B3D12412D0F100F5EDC2 /* Resources */ = {
			isa = PBXResourcesBuildPhase;
			buildActionMask = 2147483647;
			files = (
				B993B3E32412D0F500F5EDC2 /* LaunchScreen.storyboard in Resources */,
				B993B3E02412D0F500F5EDC2 /* Preview Assets.xcassets in Resources */,
				B993B3DD2412D0F500F5EDC2 /* Assets.xcassets in Resources */,
			);
			runOnlyForDeploymentPostprocessing = 0;
		};
/* End PBXResourcesBuildPhase section */

/* Begin PBXSourcesBuildPhase section */
		B993B3CF2412D0F100F5EDC2 /* Sources */ = {
			isa = PBXSourcesBuildPhase;
			buildActionMask = 2147483647;
			files = (
				B993B3D72412D0F100F5EDC2 /* AppDelegate.swift in Sources */,
				B993B3D92412D0F100F5EDC2 /* SceneDelegate.swift in Sources */,
				B993B3DB2412D0F100F5EDC2 /* ContentView.swift in Sources */,
			);
			runOnlyForDeploymentPostprocessing = 0;
		};
/* End PBXSourcesBuildPhase section */

/* Begin PBXVariantGroup section */
		B993B3E12412D0F500F5EDC2 /* LaunchScreen.storyboard */ = {
			isa = PBXVariantGroup;
			children = (
				B993B3E22412D0F500F5EDC2 /* Base */,
			);
			name = LaunchScreen.storyboard;
			sourceTree = "<group>";
		};
/* End PBXVariantGroup section */

/* Begin XCBuildConfiguration section */
		B993B3E52412D0F500F5EDC2 /* Debug */ = {
			isa = XCBuildConfiguration;
			buildSettings = {
				ALWAYS_SEARCH_USER_PATHS = NO;
				CLANG_ANALYZER_NONNULL = YES;
				CLANG_ANALYZER_NUMBER_OBJECT_CONVERSION = YES_AGGRESSIVE;
				CLANG_CXX_LANGUAGE_STANDARD = "gnu++14";
				CLANG_CXX_LIBRARY = "libc++";
				CLANG_ENABLE_MODULES = YES;
				CLANG_ENABLE_OBJC_ARC = YES;
				CLANG_ENABLE_OBJC_WEAK = YES;
				CLANG_WARN_BLOCK_CAPTURE_AUTORELEASING = YES;
				CLANG_WARN_BOOL_CONVERSION = YES;
				CLANG_WARN_COMMA = YES;
				CLANG_WARN_CONSTANT_CONVERSION = YES;
				CLANG_WARN_DEPRECATED_OBJC_IMPLEMENTATIONS = YES;
				CLANG_WARN_DIRECT_OBJC_ISA_USAGE = YES_ERROR;
				CLANG_WARN_DOCUMENTATION_COMMENTS = YES;
				CLANG_WARN_EMPTY_BODY = YES;
				CLANG_WARN_ENUM_CONVERSION = YES;
				CLANG_WARN_INFINITE_RECURSION = YES;
				CLANG_WARN_INT_CONVERSION = YES;
				CLANG_WARN_NON_LITERAL_NULL_CONVERSION = YES;
				CLANG_WARN_OBJC_IMPLICIT_RETAIN_SELF = YES;
				CLANG_WARN_OBJC_LITERAL_CONVERSION = YES;
				CLANG_WARN_OBJC_ROOT_CLASS = YES_ERROR;
				CLANG_WARN_RANGE_LOOP_ANALYSIS = YES;
				CLANG_WARN_STRICT_PROTOTYPES = YES;
				CLANG_WARN_SUSPICIOUS_MOVE = YES;
				CLANG_WARN_UNGUARDED_AVAILABILITY = YES_AGGRESSIVE;
				CLANG_WARN_UNREACHABLE_CODE = YES;
				CLANG_WARN__DUPLICATE_METHOD_MATCH = YES;
				COPY_PHASE_STRIP = NO;
				DEBUG_INFORMATION_FORMAT = dwarf;
				ENABLE_STRICT_OBJC_MSGSEND = YES;
				ENABLE_TESTABILITY = YES;
				GCC_C_LANGUAGE_STANDARD = gnu11;
				GCC_DYNAMIC_NO_PIC = NO;
				GCC_NO_COMMON_BLOCKS = YES;
				GCC_OPTIMIZATION_LEVEL = 0;
				GCC_PREPROCESSOR_DEFINITIONS = (
					"DEBUG=1",
					"$(inherited)",
				);
				GCC_WARN_64_TO_32_BIT_CONVERSION = YES;
				GCC_WARN_ABOUT_RETURN_TYPE = YES_ERROR;
				GCC_WARN_UNDECLARED_SELECTOR = YES;
				GCC_WARN_UNINITIALIZED_AUTOS = YES_AGGRESSIVE;
				GCC_WARN_UNUSED_FUNCTION = YES;
				GCC_WARN_UNUSED_VARIABLE = YES;
				IPHONEOS_DEPLOYMENT_TARGET = 13.1;
				MTL_ENABLE_DEBUG_INFO = INCLUDE_SOURCE;
				MTL_FAST_MATH = YES;
				ONLY_ACTIVE_ARCH = YES;
				SDKROOT = iphoneos;
				SWIFT_ACTIVE_COMPILATION_CONDITIONS = DEBUG;
				SWIFT_OPTIMIZATION_LEVEL = "-Onone";
			};
			name = Debug;
		};
		B993B3E62412D0F500F5EDC2 /* Release */ = {
			isa = XCBuildConfiguration;
			buildSettings = {
				ALWAYS_SEARCH_USER_PATHS = NO;
				CLANG_ANALYZER_NONNULL = YES;
				CLANG_ANALYZER_NUMBER_OBJECT_CONVERSION = YES_AGGRESSIVE;
				CLANG_CXX_LANGUAGE_STANDARD = "gnu++14";
				CLANG_CXX_LIBRARY = "libc++";
				CLANG_ENABLE_MODULES = YES;
				CLANG_ENABLE_OBJC_ARC = YES;
				CLANG_ENABLE_OBJC_WEAK = YES;
				CLANG_WARN_BLOCK_CAPTURE_AUTORELEASING = YES;
				CLANG_WARN_BOOL_CONVERSION = YES;
				CLANG_WARN_COMMA = YES;
				CLANG_WARN_CONSTANT_CONVERSION = YES;
				CLANG_WARN_DEPRECATED_OBJC_IMPLEMENTATIONS = YES;
				CLANG_WARN_DIRECT_OBJC_ISA_USAGE = YES_ERROR;
				CLANG_WARN_DOCUMENTATION_COMMENTS = YES;
				CLANG_WARN_EMPTY_BODY = YES;
				CLANG_WARN_ENUM_CONVERSION = YES;
				CLANG_WARN_INFINITE_RECURSION = YES;
				CLANG_WARN_INT_CONVERSION = YES;
				CLANG_WARN_NON_LITERAL_NULL_CONVERSION = YES;
				CLANG_WARN_OBJC_IMPLICIT_RETAIN_SELF = YES;
				CLANG_WARN_OBJC_LITERAL_CONVERSION = YES;
				CLANG_WARN_OBJC_ROOT_CLASS = YES_ERROR;
				CLANG_WARN_RANGE_LOOP_ANALYSIS = YES;
				CLANG_WARN_STRICT_PROTOTYPES = YES;
				CLANG_WARN_SUSPICIOUS_MOVE = YES;
				CLANG_WARN_UNGUARDED_AVAILABILITY = YES_AGGRESSIVE;
				CLANG_WARN_UNREACHABLE_CODE = YES;
				CLANG_WARN__DUPLICATE_METHOD_MATCH = YES;
				COPY_PHASE_STRIP = NO;
				DEBUG_INFORMATION_FORMAT = "dwarf-with-dsym";
				ENABLE_NS_ASSERTIONS = NO;
				ENABLE_STRICT_OBJC_MSGSEND = YES;
				GCC_C_LANGUAGE_STANDARD = gnu11;
				GCC_NO_COMMON_BLOCKS = YES;
				GCC_WARN_64_TO_32_BIT_CONVERSION = YES;
				GCC_WARN_ABOUT_RETURN_TYPE = YES_ERROR;
				GCC_WARN_UNDECLARED_SELECTOR = YES;
				GCC_WARN_UNINITIALIZED_AUTOS = YES_AGGRESSIVE;
				GCC_WARN_UNUSED_FUNCTION = YES;
				GCC_WARN_UNUSED_VARIABLE = YES;
				IPHONEOS_DEPLOYMENT_TARGET = 13.1;
				MTL_ENABLE_DEBUG_INFO = NO;
				MTL_FAST_MATH = YES;
				SDKROOT = iphoneos;
				SWIFT_COMPILATION_MODE = wholemodule;
				SWIFT_OPTIMIZATION_LEVEL = "-O";
				VALIDATE_PRODUCT = YES;
			};
			name = Release;
		};
		B993B3E82412D0F500F5EDC2 /* Debug */ = {
			isa = XCBuildConfiguration;
			buildSettings = {
				ASSETCATALOG_COMPILER_APPICON_NAME = AppIcon;
				CODE_SIGN_STYLE = Automatic;
				DEVELOPMENT_ASSET_PATHS = "\"TestSwiftUI2/Preview Content\"";
				DEVELOPMENT_TEAM = KWV3LMSGNJ;
				ENABLE_PREVIEWS = YES;
				INFOPLIST_FILE = TestSwiftUI2/Info.plist;
				LD_RUNPATH_SEARCH_PATHS = (
					"$(inherited)",
					"@executable_path/Frameworks",
				);
				PRODUCT_BUNDLE_IDENTIFIER = com.richardadem.TestSwiftUI2;
				PRODUCT_NAME = "$(TARGET_NAME)";
				SWIFT_VERSION = 5.0;
				TARGETED_DEVICE_FAMILY = "1,2";
			};
			name = Debug;
		};
		B993B3E92412D0F500F5EDC2 /* Release */ = {
			isa = XCBuildConfiguration;
			buildSettings = {
				ASSETCATALOG_COMPILER_APPICON_NAME = AppIcon;
				CODE_SIGN_STYLE = Automatic;
				DEVELOPMENT_ASSET_PATHS = "\"TestSwiftUI2/Preview Content\"";
				DEVELOPMENT_TEAM = KWV3LMSGNJ;
				ENABLE_PREVIEWS = YES;
				INFOPLIST_FILE = TestSwiftUI2/Info.plist;
				LD_RUNPATH_SEARCH_PATHS = (
					"$(inherited)",
					"@executable_path/Frameworks",
				);
				PRODUCT_BUNDLE_IDENTIFIER = com.richardadem.TestSwiftUI2;
				PRODUCT_NAME = "$(TARGET_NAME)";
				SWIFT_VERSION = 5.0;
				TARGETED_DEVICE_FAMILY = "1,2";
			};
			name = Release;
		};
/* End XCBuildConfiguration section */

/* Begin XCConfigurationList section */
		B993B3CE2412D0F100F5EDC2 /* Build configuration list for PBXProject "TestSwiftUI2" */ = {
			isa = XCConfigurationList;
			buildConfigurations = (
				B993B3E52412D0F500F5EDC2 /* Debug */,
				B993B3E62412D0F500F5EDC2 /* Release */,
			);
			defaultConfigurationIsVisible = 0;
			defaultConfigurationName = Release;
		};
		B993B3E72412D0F500F5EDC2 /* Build configuration list for PBXNativeTarget "TestSwiftUI2" */ = {
			isa = XCConfigurationList;
			buildConfigurations = (
				B993B3E82412D0F500F5EDC2 /* Debug */,
				B993B3E92412D0F500F5EDC2 /* Release */,
			);
			defaultConfigurationIsVisible = 0;
			defaultConfigurationName = Release;
		};
/* End XCConfigurationList section */
	};
	rootObject = B993B3CB2412D0F100F5EDC2 /* Project object */;
}
